// !$*UTF8*$!
{
	archiveVersion = 1;
	classes = {
	};
	objectVersion = 56;
	objects = {

/* Begin PBXBuildFile section */
		4B2228D12BD4A58A006ACBD8 /* remarquesApp.swift in Sources */ = {isa = PBXBuildFile; fileRef = 4B2228D02BD4A58A006ACBD8 /* remarquesApp.swift */; };
		4B2228D32BD4A58A006ACBD8 /* ContentView.swift in Sources */ = {isa = PBXBuildFile; fileRef = 4B2228D22BD4A58A006ACBD8 /* ContentView.swift */; };
		4B2228D52BD4A58B006ACBD8 /* Assets.xcassets in Resources */ = {isa = PBXBuildFile; fileRef = 4B2228D42BD4A58B006ACBD8 /* Assets.xcassets */; };
		4B2228D82BD4A58B006ACBD8 /* Preview Assets.xcassets in Resources */ = {isa = PBXBuildFile; fileRef = 4B2228D72BD4A58B006ACBD8 /* Preview Assets.xcassets */; };
		4B2228E32BD4A58B006ACBD8 /* remarquesTests.swift in Sources */ = {isa = PBXBuildFile; fileRef = 4B2228E22BD4A58B006ACBD8 /* remarquesTests.swift */; };
		4B2228ED2BD4A58B006ACBD8 /* remarquesUITests.swift in Sources */ = {isa = PBXBuildFile; fileRef = 4B2228EC2BD4A58B006ACBD8 /* remarquesUITests.swift */; };
		4B2228EF2BD4A58B006ACBD8 /* remarquesUITestsLaunchTests.swift in Sources */ = {isa = PBXBuildFile; fileRef = 4B2228EE2BD4A58B006ACBD8 /* remarquesUITestsLaunchTests.swift */; };
/* End PBXBuildFile section */

/* Begin PBXContainerItemProxy section */
		4B2228DF2BD4A58B006ACBD8 /* PBXContainerItemProxy */ = {
			isa = PBXContainerItemProxy;
			containerPortal = 4B2228C52BD4A58A006ACBD8 /* Project object */;
			proxyType = 1;
			remoteGlobalIDString = 4B2228CC2BD4A58A006ACBD8;
			remoteInfo = remarques;
		};
		4B2228E92BD4A58B006ACBD8 /* PBXContainerItemProxy */ = {
			isa = PBXContainerItemProxy;
			containerPortal = 4B2228C52BD4A58A006ACBD8 /* Project object */;
			proxyType = 1;
			remoteGlobalIDString = 4B2228CC2BD4A58A006ACBD8;
			remoteInfo = remarques;
		};
/* End PBXContainerItemProxy section */

/* Begin PBXFileReference section */
		4B2228CD2BD4A58A006ACBD8 /* remarques.app */ = {isa = PBXFileReference; explicitFileType = wrapper.application; includeInIndex = 0; path = remarques.app; sourceTree = BUILT_PRODUCTS_DIR; };
		4B2228D02BD4A58A006ACBD8 /* remarquesApp.swift */ = {isa = PBXFileReference; lastKnownFileType = sourcecode.swift; path = remarquesApp.swift; sourceTree = "<group>"; };
		4B2228D22BD4A58A006ACBD8 /* ContentView.swift */ = {isa = PBXFileReference; lastKnownFileType = sourcecode.swift; path = ContentView.swift; sourceTree = "<group>"; };
		4B2228D42BD4A58B006ACBD8 /* Assets.xcassets */ = {isa = PBXFileReference; lastKnownFileType = folder.assetcatalog; path = Assets.xcassets; sourceTree = "<group>"; };
		4B2228D72BD4A58B006ACBD8 /* Preview Assets.xcassets */ = {isa = PBXFileReference; lastKnownFileType = folder.assetcatalog; path = "Preview Assets.xcassets"; sourceTree = "<group>"; };
		4B2228D92BD4A58B006ACBD8 /* remarques.entitlements */ = {isa = PBXFileReference; lastKnownFileType = text.plist.entitlements; path = remarques.entitlements; sourceTree = "<group>"; };
		4B2228DE2BD4A58B006ACBD8 /* remarquesTests.xctest */ = {isa = PBXFileReference; explicitFileType = wrapper.cfbundle; includeInIndex = 0; path = remarquesTests.xctest; sourceTree = BUILT_PRODUCTS_DIR; };
		4B2228E22BD4A58B006ACBD8 /* remarquesTests.swift */ = {isa = PBXFileReference; lastKnownFileType = sourcecode.swift; path = remarquesTests.swift; sourceTree = "<group>"; };
		4B2228E82BD4A58B006ACBD8 /* remarquesUITests.xctest */ = {isa = PBXFileReference; explicitFileType = wrapper.cfbundle; includeInIndex = 0; path = remarquesUITests.xctest; sourceTree = BUILT_PRODUCTS_DIR; };
		4B2228EC2BD4A58B006ACBD8 /* remarquesUITests.swift */ = {isa = PBXFileReference; lastKnownFileType = sourcecode.swift; path = remarquesUITests.swift; sourceTree = "<group>"; };
		4B2228EE2BD4A58B006ACBD8 /* remarquesUITestsLaunchTests.swift */ = {isa = PBXFileReference; lastKnownFileType = sourcecode.swift; path = remarquesUITestsLaunchTests.swift; sourceTree = "<group>"; };
/* End PBXFileReference section */

/* Begin PBXFrameworksBuildPhase section */
		4B2228CA2BD4A58A006ACBD8 /* Frameworks */ = {
			isa = PBXFrameworksBuildPhase;
			buildActionMask = 2147483647;
			files = (
			);
			runOnlyForDeploymentPostprocessing = 0;
		};
		4B2228DB2BD4A58B006ACBD8 /* Frameworks */ = {
			isa = PBXFrameworksBuildPhase;
			buildActionMask = 2147483647;
			files = (
			);
			runOnlyForDeploymentPostprocessing = 0;
		};
		4B2228E52BD4A58B006ACBD8 /* Frameworks */ = {
			isa = PBXFrameworksBuildPhase;
			buildActionMask = 2147483647;
			files = (
			);
			runOnlyForDeploymentPostprocessing = 0;
		};
/* End PBXFrameworksBuildPhase section */

/* Begin PBXGroup section */
		4B2228C42BD4A58A006ACBD8 = {
			isa = PBXGroup;
			children = (
				4B2228CF2BD4A58A006ACBD8 /* remarques */,
				4B2228E12BD4A58B006ACBD8 /* remarquesTests */,
				4B2228EB2BD4A58B006ACBD8 /* remarquesUITests */,
				4B2228CE2BD4A58A006ACBD8 /* Products */,
			);
			sourceTree = "<group>";
		};
		4B2228CE2BD4A58A006ACBD8 /* Products */ = {
			isa = PBXGroup;
			children = (
				4B2228CD2BD4A58A006ACBD8 /* remarques.app */,
				4B2228DE2BD4A58B006ACBD8 /* remarquesTests.xctest */,
				4B2228E82BD4A58B006ACBD8 /* remarquesUITests.xctest */,
			);
			name = Products;
			sourceTree = "<group>";
		};
		4B2228CF2BD4A58A006ACBD8 /* remarques */ = {
			isa = PBXGroup;
			children = (
				4B2228D02BD4A58A006ACBD8 /* remarquesApp.swift */,
				4B2228D22BD4A58A006ACBD8 /* ContentView.swift */,
				4B2228D42BD4A58B006ACBD8 /* Assets.xcassets */,
				4B2228D92BD4A58B006ACBD8 /* remarques.entitlements */,
				4B2228D62BD4A58B006ACBD8 /* Preview Content */,
			);
			path = remarques;
			sourceTree = "<group>";
		};
		4B2228D62BD4A58B006ACBD8 /* Preview Content */ = {
			isa = PBXGroup;
			children = (
				4B2228D72BD4A58B006ACBD8 /* Preview Assets.xcassets */,
			);
			path = "Preview Content";
			sourceTree = "<group>";
		};
		4B2228E12BD4A58B006ACBD8 /* remarquesTests */ = {
			isa = PBXGroup;
			children = (
				4B2228E22BD4A58B006ACBD8 /* remarquesTests.swift */,
			);
			path = remarquesTests;
			sourceTree = "<group>";
		};
		4B2228EB2BD4A58B006ACBD8 /* remarquesUITests */ = {
			isa = PBXGroup;
			children = (
				4B2228EC2BD4A58B006ACBD8 /* remarquesUITests.swift */,
				4B2228EE2BD4A58B006ACBD8 /* remarquesUITestsLaunchTests.swift */,
			);
			path = remarquesUITests;
			sourceTree = "<group>";
		};
/* End PBXGroup section */

/* Begin PBXNativeTarget section */
		4B2228CC2BD4A58A006ACBD8 /* remarques */ = {
			isa = PBXNativeTarget;
			buildConfigurationList = 4B2228F22BD4A58B006ACBD8 /* Build configuration list for PBXNativeTarget "remarques" */;
			buildPhases = (
				4B2228C92BD4A58A006ACBD8 /* Sources */,
				4B2228CA2BD4A58A006ACBD8 /* Frameworks */,
				4B2228CB2BD4A58A006ACBD8 /* Resources */,
			);
			buildRules = (
			);
			dependencies = (
			);
			name = remarques;
			productName = remarques;
			productReference = 4B2228CD2BD4A58A006ACBD8 /* remarques.app */;
			productType = "com.apple.product-type.application";
		};
		4B2228DD2BD4A58B006ACBD8 /* remarquesTests */ = {
			isa = PBXNativeTarget;
			buildConfigurationList = 4B2228F52BD4A58B006ACBD8 /* Build configuration list for PBXNativeTarget "remarquesTests" */;
			buildPhases = (
				4B2228DA2BD4A58B006ACBD8 /* Sources */,
				4B2228DB2BD4A58B006ACBD8 /* Frameworks */,
				4B2228DC2BD4A58B006ACBD8 /* Resources */,
			);
			buildRules = (
			);
			dependencies = (
				4B2228E02BD4A58B006ACBD8 /* PBXTargetDependency */,
			);
			name = remarquesTests;
			productName = remarquesTests;
			productReference = 4B2228DE2BD4A58B006ACBD8 /* remarquesTests.xctest */;
			productType = "com.apple.product-type.bundle.unit-test";
		};
		4B2228E72BD4A58B006ACBD8 /* remarquesUITests */ = {
			isa = PBXNativeTarget;
			buildConfigurationList = 4B2228F82BD4A58B006ACBD8 /* Build configuration list for PBXNativeTarget "remarquesUITests" */;
			buildPhases = (
				4B2228E42BD4A58B006ACBD8 /* Sources */,
				4B2228E52BD4A58B006ACBD8 /* Frameworks */,
				4B2228E62BD4A58B006ACBD8 /* Resources */,
			);
			buildRules = (
			);
			dependencies = (
				4B2228EA2BD4A58B006ACBD8 /* PBXTargetDependency */,
			);
			name = remarquesUITests;
			productName = remarquesUITests;
			productReference = 4B2228E82BD4A58B006ACBD8 /* remarquesUITests.xctest */;
			productType = "com.apple.product-type.bundle.ui-testing";
		};
/* End PBXNativeTarget section */

/* Begin PBXProject section */
		4B2228C52BD4A58A006ACBD8 /* Project object */ = {
			isa = PBXProject;
			attributes = {
				BuildIndependentTargetsInParallel = 1;
				LastSwiftUpdateCheck = 1530;
				LastUpgradeCheck = 1530;
				TargetAttributes = {
					4B2228CC2BD4A58A006ACBD8 = {
						CreatedOnToolsVersion = 15.3;
					};
					4B2228DD2BD4A58B006ACBD8 = {
						CreatedOnToolsVersion = 15.3;
						TestTargetID = 4B2228CC2BD4A58A006ACBD8;
					};
					4B2228E72BD4A58B006ACBD8 = {
						CreatedOnToolsVersion = 15.3;
						TestTargetID = 4B2228CC2BD4A58A006ACBD8;
					};
				};
			};
			buildConfigurationList = 4B2228C82BD4A58A006ACBD8 /* Build configuration list for PBXProject "remarques" */;
			compatibilityVersion = "Xcode 14.0";
			developmentRegion = en;
			hasScannedForEncodings = 0;
			knownRegions = (
				en,
				Base,
			);
			mainGroup = 4B2228C42BD4A58A006ACBD8;
			productRefGroup = 4B2228CE2BD4A58A006ACBD8 /* Products */;
			projectDirPath = "";
			projectRoot = "";
			targets = (
				4B2228CC2BD4A58A006ACBD8 /* remarques */,
				4B2228DD2BD4A58B006ACBD8 /* remarquesTests */,
				4B2228E72BD4A58B006ACBD8 /* remarquesUITests */,
			);
		};
/* End PBXProject section */

/* Begin PBXResourcesBuildPhase section */
		4B2228CB2BD4A58A006ACBD8 /* Resources */ = {
			isa = PBXResourcesBuildPhase;
			buildActionMask = 2147483647;
			files = (
				4B2228D82BD4A58B006ACBD8 /* Preview Assets.xcassets in Resources */,
				4B2228D52BD4A58B006ACBD8 /* Assets.xcassets in Resources */,
			);
			runOnlyForDeploymentPostprocessing = 0;
		};
		4B2228DC2BD4A58B006ACBD8 /* Resources */ = {
			isa = PBXResourcesBuildPhase;
			buildActionMask = 2147483647;
			files = (
			);
			runOnlyForDeploymentPostprocessing = 0;
		};
		4B2228E62BD4A58B006ACBD8 /* Resources */ = {
			isa = PBXResourcesBuildPhase;
			buildActionMask = 2147483647;
			files = (
			);
			runOnlyForDeploymentPostprocessing = 0;
		};
/* End PBXResourcesBuildPhase section */

/* Begin PBXSourcesBuildPhase section */
		4B2228C92BD4A58A006ACBD8 /* Sources */ = {
			isa = PBXSourcesBuildPhase;
			buildActionMask = 2147483647;
			files = (
				4B2228D32BD4A58A006ACBD8 /* ContentView.swift in Sources */,
				4B2228D12BD4A58A006ACBD8 /* remarquesApp.swift in Sources */,
			);
			runOnlyForDeploymentPostprocessing = 0;
		};
		4B2228DA2BD4A58B006ACBD8 /* Sources */ = {
			isa = PBXSourcesBuildPhase;
			buildActionMask = 2147483647;
			files = (
				4B2228E32BD4A58B006ACBD8 /* remarquesTests.swift in Sources */,
			);
			runOnlyForDeploymentPostprocessing = 0;
		};
		4B2228E42BD4A58B006ACBD8 /* Sources */ = {
			isa = PBXSourcesBuildPhase;
			buildActionMask = 2147483647;
			files = (
				4B2228EF2BD4A58B006ACBD8 /* remarquesUITestsLaunchTests.swift in Sources */,
				4B2228ED2BD4A58B006ACBD8 /* remarquesUITests.swift in Sources */,
			);
			runOnlyForDeploymentPostprocessing = 0;
		};
/* End PBXSourcesBuildPhase section */

/* Begin PBXTargetDependency section */
		4B2228E02BD4A58B006ACBD8 /* PBXTargetDependency */ = {
			isa = PBXTargetDependency;
			target = 4B2228CC2BD4A58A006ACBD8 /* remarques */;
			targetProxy = 4B2228DF2BD4A58B006ACBD8 /* PBXContainerItemProxy */;
		};
		4B2228EA2BD4A58B006ACBD8 /* PBXTargetDependency */ = {
			isa = PBXTargetDependency;
			target = 4B2228CC2BD4A58A006ACBD8 /* remarques */;
			targetProxy = 4B2228E92BD4A58B006ACBD8 /* PBXContainerItemProxy */;
		};
/* End PBXTargetDependency section */

/* Begin XCBuildConfiguration section */
		4B2228F02BD4A58B006ACBD8 /* Debug */ = {
			isa = XCBuildConfiguration;
			buildSettings = {
				ALWAYS_SEARCH_USER_PATHS = NO;
				ASSETCATALOG_COMPILER_GENERATE_SWIFT_ASSET_SYMBOL_EXTENSIONS = YES;
				CLANG_ANALYZER_NONNULL = YES;
				CLANG_ANALYZER_NUMBER_OBJECT_CONVERSION = YES_AGGRESSIVE;
				CLANG_CXX_LANGUAGE_STANDARD = "gnu++20";
				CLANG_ENABLE_MODULES = YES;
				CLANG_ENABLE_OBJC_ARC = YES;
				CLANG_ENABLE_OBJC_WEAK = YES;
				CLANG_WARN_BLOCK_CAPTURE_AUTORELEASING = YES;
				CLANG_WARN_BOOL_CONVERSION = YES;
				CLANG_WARN_COMMA = YES;
				CLANG_WARN_CONSTANT_CONVERSION = YES;
				CLANG_WARN_DEPRECATED_OBJC_IMPLEMENTATIONS = YES;
				CLANG_WARN_DIRECT_OBJC_ISA_USAGE = YES_ERROR;
				CLANG_WARN_DOCUMENTATION_COMMENTS = YES;
				CLANG_WARN_EMPTY_BODY = YES;
				CLANG_WARN_ENUM_CONVERSION = YES;
				CLANG_WARN_INFINITE_RECURSION = YES;
				CLANG_WARN_INT_CONVERSION = YES;
				CLANG_WARN_NON_LITERAL_NULL_CONVERSION = YES;
				CLANG_WARN_OBJC_IMPLICIT_RETAIN_SELF = YES;
				CLANG_WARN_OBJC_LITERAL_CONVERSION = YES;
				CLANG_WARN_OBJC_ROOT_CLASS = YES_ERROR;
				CLANG_WARN_QUOTED_INCLUDE_IN_FRAMEWORK_HEADER = YES;
				CLANG_WARN_RANGE_LOOP_ANALYSIS = YES;
				CLANG_WARN_STRICT_PROTOTYPES = YES;
				CLANG_WARN_SUSPICIOUS_MOVE = YES;
				CLANG_WARN_UNGUARDED_AVAILABILITY = YES_AGGRESSIVE;
				CLANG_WARN_UNREACHABLE_CODE = YES;
				CLANG_WARN__DUPLICATE_METHOD_MATCH = YES;
				COPY_PHASE_STRIP = NO;
				DEBUG_INFORMATION_FORMAT = dwarf;
				ENABLE_STRICT_OBJC_MSGSEND = YES;
				ENABLE_TESTABILITY = YES;
				ENABLE_USER_SCRIPT_SANDBOXING = YES;
				GCC_C_LANGUAGE_STANDARD = gnu17;
				GCC_DYNAMIC_NO_PIC = NO;
				GCC_NO_COMMON_BLOCKS = YES;
				GCC_OPTIMIZATION_LEVEL = 0;
				GCC_PREPROCESSOR_DEFINITIONS = (
					"DEBUG=1",
					"$(inherited)",
				);
				GCC_WARN_64_TO_32_BIT_CONVERSION = YES;
				GCC_WARN_ABOUT_RETURN_TYPE = YES_ERROR;
				GCC_WARN_UNDECLARED_SELECTOR = YES;
				GCC_WARN_UNINITIALIZED_AUTOS = YES_AGGRESSIVE;
				GCC_WARN_UNUSED_FUNCTION = YES;
				GCC_WARN_UNUSED_VARIABLE = YES;
				LOCALIZATION_PREFERS_STRING_CATALOGS = YES;
				MACOSX_DEPLOYMENT_TARGET = 14.4;
				MTL_ENABLE_DEBUG_INFO = INCLUDE_SOURCE;
				MTL_FAST_MATH = YES;
				ONLY_ACTIVE_ARCH = YES;
				SDKROOT = macosx;
				SWIFT_ACTIVE_COMPILATION_CONDITIONS = "DEBUG $(inherited)";
				SWIFT_OPTIMIZATION_LEVEL = "-Onone";
			};
			name = Debug;
		};
		4B2228F12BD4A58B006ACBD8 /* Release */ = {
			isa = XCBuildConfiguration;
			buildSettings = {
				ALWAYS_SEARCH_USER_PATHS = NO;
				ASSETCATALOG_COMPILER_GENERATE_SWIFT_ASSET_SYMBOL_EXTENSIONS = YES;
				CLANG_ANALYZER_NONNULL = YES;
				CLANG_ANALYZER_NUMBER_OBJECT_CONVERSION = YES_AGGRESSIVE;
				CLANG_CXX_LANGUAGE_STANDARD = "gnu++20";
				CLANG_ENABLE_MODULES = YES;
				CLANG_ENABLE_OBJC_ARC = YES;
				CLANG_ENABLE_OBJC_WEAK = YES;
				CLANG_WARN_BLOCK_CAPTURE_AUTORELEASING = YES;
				CLANG_WARN_BOOL_CONVERSION = YES;
				CLANG_WARN_COMMA = YES;
				CLANG_WARN_CONSTANT_CONVERSION = YES;
				CLANG_WARN_DEPRECATED_OBJC_IMPLEMENTATIONS = YES;
				CLANG_WARN_DIRECT_OBJC_ISA_USAGE = YES_ERROR;
				CLANG_WARN_DOCUMENTATION_COMMENTS = YES;
				CLANG_WARN_EMPTY_BODY = YES;
				CLANG_WARN_ENUM_CONVERSION = YES;
				CLANG_WARN_INFINITE_RECURSION = YES;
				CLANG_WARN_INT_CONVERSION = YES;
				CLANG_WARN_NON_LITERAL_NULL_CONVERSION = YES;
				CLANG_WARN_OBJC_IMPLICIT_RETAIN_SELF = YES;
				CLANG_WARN_OBJC_LITERAL_CONVERSION = YES;
				CLANG_WARN_OBJC_ROOT_CLASS = YES_ERROR;
				CLANG_WARN_QUOTED_INCLUDE_IN_FRAMEWORK_HEADER = YES;
				CLANG_WARN_RANGE_LOOP_ANALYSIS = YES;
				CLANG_WARN_STRICT_PROTOTYPES = YES;
				CLANG_WARN_SUSPICIOUS_MOVE = YES;
				CLANG_WARN_UNGUARDED_AVAILABILITY = YES_AGGRESSIVE;
				CLANG_WARN_UNREACHABLE_CODE = YES;
				CLANG_WARN__DUPLICATE_METHOD_MATCH = YES;
				COPY_PHASE_STRIP = NO;
				DEBUG_INFORMATION_FORMAT = "dwarf-with-dsym";
				ENABLE_NS_ASSERTIONS = NO;
				ENABLE_STRICT_OBJC_MSGSEND = YES;
				ENABLE_USER_SCRIPT_SANDBOXING = YES;
				GCC_C_LANGUAGE_STANDARD = gnu17;
				GCC_NO_COMMON_BLOCKS = YES;
				GCC_WARN_64_TO_32_BIT_CONVERSION = YES;
				GCC_WARN_ABOUT_RETURN_TYPE = YES_ERROR;
				GCC_WARN_UNDECLARED_SELECTOR = YES;
				GCC_WARN_UNINITIALIZED_AUTOS = YES_AGGRESSIVE;
				GCC_WARN_UNUSED_FUNCTION = YES;
				GCC_WARN_UNUSED_VARIABLE = YES;
				LOCALIZATION_PREFERS_STRING_CATALOGS = YES;
				MACOSX_DEPLOYMENT_TARGET = 14.4;
				MTL_ENABLE_DEBUG_INFO = NO;
				MTL_FAST_MATH = YES;
				SDKROOT = macosx;
				SWIFT_COMPILATION_MODE = wholemodule;
			};
			name = Release;
		};
		4B2228F32BD4A58B006ACBD8 /* Debug */ = {
			isa = XCBuildConfiguration;
			buildSettings = {
				ASSETCATALOG_COMPILER_APPICON_NAME = AppIcon;
				ASSETCATALOG_COMPILER_GLOBAL_ACCENT_COLOR_NAME = AccentColor;
				CODE_SIGN_ENTITLEMENTS = remarques/remarques.entitlements;
				CODE_SIGN_STYLE = Automatic;
				COMBINE_HIDPI_IMAGES = YES;
				CURRENT_PROJECT_VERSION = 1;
				DEVELOPMENT_ASSET_PATHS = "\"remarques/Preview Content\"";
				DEVELOPMENT_TEAM = S49X59MQWQ;
				ENABLE_HARDENED_RUNTIME = YES;
				ENABLE_PREVIEWS = YES;
				GENERATE_INFOPLIST_FILE = YES;
				INFOPLIST_KEY_NSHumanReadableCopyright = "";
				LD_RUNPATH_SEARCH_PATHS = (
					"$(inherited)",
					"@executable_path/../Frameworks",
				);
				MARKETING_VERSION = 1.0;
				PRODUCT_BUNDLE_IDENTIFIER = com.kevalpipalia.remarques;
				PRODUCT_NAME = "$(TARGET_NAME)";
				SWIFT_EMIT_LOC_STRINGS = YES;
				SWIFT_VERSION = 5.0;
			};
			name = Debug;
		};
		4B2228F42BD4A58B006ACBD8 /* Release */ = {
			isa = XCBuildConfiguration;
			buildSettings = {
				ASSETCATALOG_COMPILER_APPICON_NAME = AppIcon;
				ASSETCATALOG_COMPILER_GLOBAL_ACCENT_COLOR_NAME = AccentColor;
				CODE_SIGN_ENTITLEMENTS = remarques/remarques.entitlements;
				CODE_SIGN_STYLE = Automatic;
				COMBINE_HIDPI_IMAGES = YES;
				CURRENT_PROJECT_VERSION = 1;
				DEVELOPMENT_ASSET_PATHS = "\"remarques/Preview Content\"";
				DEVELOPMENT_TEAM = S49X59MQWQ;
				ENABLE_HARDENED_RUNTIME = YES;
				ENABLE_PREVIEWS = YES;
				GENERATE_INFOPLIST_FILE = YES;
				INFOPLIST_KEY_NSHumanReadableCopyright = "";
				LD_RUNPATH_SEARCH_PATHS = (
					"$(inherited)",
					"@executable_path/../Frameworks",
				);
				MARKETING_VERSION = 1.0;
				PRODUCT_BUNDLE_IDENTIFIER = com.kevalpipalia.remarques;
				PRODUCT_NAME = "$(TARGET_NAME)";
				SWIFT_EMIT_LOC_STRINGS = YES;
				SWIFT_VERSION = 5.0;
			};
			name = Release;
		};
		4B2228F62BD4A58B006ACBD8 /* Debug */ = {
			isa = XCBuildConfiguration;
			buildSettings = {
				ALWAYS_EMBED_SWIFT_STANDARD_LIBRARIES = YES;
				BUNDLE_LOADER = "$(TEST_HOST)";
				CODE_SIGN_STYLE = Automatic;
				CURRENT_PROJECT_VERSION = 1;
				DEVELOPMENT_TEAM = S49X59MQWQ;
				GENERATE_INFOPLIST_FILE = YES;
				MACOSX_DEPLOYMENT_TARGET = 14.4;
				MARKETING_VERSION = 1.0;
				PRODUCT_BUNDLE_IDENTIFIER = com.kevalpipalia.remarquesTests;
				PRODUCT_NAME = "$(TARGET_NAME)";
				SWIFT_EMIT_LOC_STRINGS = NO;
				SWIFT_VERSION = 5.0;
				TEST_HOST = "$(BUILT_PRODUCTS_DIR)/remarques.app/$(BUNDLE_EXECUTABLE_FOLDER_PATH)/remarques";
			};
			name = Debug;
		};
		4B2228F72BD4A58B006ACBD8 /* Release */ = {
			isa = XCBuildConfiguration;
			buildSettings = {
				ALWAYS_EMBED_SWIFT_STANDARD_LIBRARIES = YES;
				BUNDLE_LOADER = "$(TEST_HOST)";
				CODE_SIGN_STYLE = Automatic;
				CURRENT_PROJECT_VERSION = 1;
				DEVELOPMENT_TEAM = S49X59MQWQ;
				GENERATE_INFOPLIST_FILE = YES;
				MACOSX_DEPLOYMENT_TARGET = 14.4;
				MARKETING_VERSION = 1.0;
				PRODUCT_BUNDLE_IDENTIFIER = com.kevalpipalia.remarquesTests;
				PRODUCT_NAME = "$(TARGET_NAME)";
				SWIFT_EMIT_LOC_STRINGS = NO;
				SWIFT_VERSION = 5.0;
				TEST_HOST = "$(BUILT_PRODUCTS_DIR)/remarques.app/$(BUNDLE_EXECUTABLE_FOLDER_PATH)/remarques";
			};
			name = Release;
		};
		4B2228F92BD4A58B006ACBD8 /* Debug */ = {
			isa = XCBuildConfiguration;
			buildSettings = {
				ALWAYS_EMBED_SWIFT_STANDARD_LIBRARIES = YES;
				CODE_SIGN_STYLE = Automatic;
				CURRENT_PROJECT_VERSION = 1;
				DEVELOPMENT_TEAM = S49X59MQWQ;
				GENERATE_INFOPLIST_FILE = YES;
				MARKETING_VERSION = 1.0;
				PRODUCT_BUNDLE_IDENTIFIER = com.kevalpipalia.remarquesUITests;
				PRODUCT_NAME = "$(TARGET_NAME)";
				SWIFT_EMIT_LOC_STRINGS = NO;
				SWIFT_VERSION = 5.0;
				TEST_TARGET_NAME = remarques;
			};
			name = Debug;
		};
		4B2228FA2BD4A58B006ACBD8 /* Release */ = {
			isa = XCBuildConfiguration;
			buildSettings = {
				ALWAYS_EMBED_SWIFT_STANDARD_LIBRARIES = YES;
				CODE_SIGN_STYLE = Automatic;
				CURRENT_PROJECT_VERSION = 1;
				DEVELOPMENT_TEAM = S49X59MQWQ;
				GENERATE_INFOPLIST_FILE = YES;
				MARKETING_VERSION = 1.0;
				PRODUCT_BUNDLE_IDENTIFIER = com.kevalpipalia.remarquesUITests;
				PRODUCT_NAME = "$(TARGET_NAME)";
				SWIFT_EMIT_LOC_STRINGS = NO;
				SWIFT_VERSION = 5.0;
				TEST_TARGET_NAME = remarques;
			};
			name = Release;
		};
/* End XCBuildConfiguration section */

/* Begin XCConfigurationList section */
		4B2228C82BD4A58A006ACBD8 /* Build configuration list for PBXProject "remarques" */ = {
			isa = XCConfigurationList;
			buildConfigurations = (
				4B2228F02BD4A58B006ACBD8 /* Debug */,
				4B2228F12BD4A58B006ACBD8 /* Release */,
			);
			defaultConfigurationIsVisible = 0;
			defaultConfigurationName = Release;
		};
		4B2228F22BD4A58B006ACBD8 /* Build configuration list for PBXNativeTarget "remarques" */ = {
			isa = XCConfigurationList;
			buildConfigurations = (
				4B2228F32BD4A58B006ACBD8 /* Debug */,
				4B2228F42BD4A58B006ACBD8 /* Release */,
			);
			defaultConfigurationIsVisible = 0;
			defaultConfigurationName = Release;
		};
		4B2228F52BD4A58B006ACBD8 /* Build configuration list for PBXNativeTarget "remarquesTests" */ = {
			isa = XCConfigurationList;
			buildConfigurations = (
				4B2228F62BD4A58B006ACBD8 /* Debug */,
				4B2228F72BD4A58B006ACBD8 /* Release */,
			);
			defaultConfigurationIsVisible = 0;
			defaultConfigurationName = Release;
		};
		4B2228F82BD4A58B006ACBD8 /* Build configuration list for PBXNativeTarget "remarquesUITests" */ = {
			isa = XCConfigurationList;
			buildConfigurations = (
				4B2228F92BD4A58B006ACBD8 /* Debug */,
				4B2228FA2BD4A58B006ACBD8 /* Release */,
			);
			defaultConfigurationIsVisible = 0;
			defaultConfigurationName = Release;
		};
/* End XCConfigurationList section */
	};
	rootObject = 4B2228C52BD4A58A006ACBD8 /* Project object */;
}
